<Solution>
  <Folder Name="/src/">
    <Project Path="src/TechWorld.API/TechWorld.API.csproj" />
    <Project Path="src/TechWorld.Application/TechWorld.Application.csproj" />
    <Project Path="src/TechWorld.Domain/TechWorld.Domain.csproj" />
    <Project Path="src/TechWorld.Infrastructure/TechWorld.Infrastructure.csproj" />
  </Folder>
  <Folder Name="/tests/">
    <Project Path="tests/TechWorld.UnitTests/TechWorld.UnitTests.csproj" />
  </Folder>
</Solution>
